
Microsoft Visual Studio Solution File, Format Version 12.00
# Visual Studio 15
VisualStudioVersion = 15.0.28307.1169
MinimumVisualStudioVersion = 10.0.40219.1
Project("{FAE04EC0-301F-11D3-BF4B-00C04F79EFBC}") = "WebApplication2_test2", "WebApplication2_test2\WebApplication2_test2.csproj", "{BC5FC7FF-61ED-43A1-B54B-860035E3A702}"
EndProject
Global
	GlobalSection(SolutionConfigurationPlatforms) = preSolution
		Debug|Any CPU = Debug|Any CPU
		Release|Any CPU = Release|Any CPU
	EndGlobalSection
	GlobalSection(ProjectConfigurationPlatforms) = postSolution
		{BC5FC7FF-61ED-43A1-B54B-860035E3A702}.Debug|Any CPU.ActiveCfg = Debug|Any CPU
		{BC5FC7FF-61ED-43A1-B54B-860035E3A702}.Debug|Any CPU.Build.0 = Debug|Any CPU
		{BC5FC7FF-61ED-43A1-B54B-860035E3A702}.Release|Any CPU.ActiveCfg = Release|Any CPU
		{BC5FC7FF-61ED-43A1-B54B-860035E3A702}.Release|Any CPU.Build.0 = Release|Any CPU
	EndGlobalSection
	GlobalSection(SolutionProperties) = preSolution
		HideSolutionNode = FALSE
	EndGlobalSection
	GlobalSection(ExtensibilityGlobals) = postSolution
		SolutionGuid = {8A6CBF3B-3E9E-4828-86CE-7B1B07CA7F16}
	EndGlobalSection
EndGlobal
